
Microsoft Visual Studio Solution File, Format Version 12.00
# Visual Studio Version 17
VisualStudioVersion = 17.1.32319.34
MinimumVisualStudioVersion = 10.0.40219.1
Project("{9A19103F-16F7-4668-BE54-9A1E7A4F7556}") = "Enumerable Assignment", "Enumerable Assignment\Enumerable Assignment.csproj", "{FD889C4C-2B01-4D22-A507-96F73F74B365}"
EndProject
Project("{9A19103F-16F7-4668-BE54-9A1E7A4F7556}") = "LINQ Assignment", "LINQ Assignment\LINQ Assignment.csproj", "{D31EEC3A-DD81-444C-815E-C88A564105D4}"
EndProject
Project("{9A19103F-16F7-4668-BE54-9A1E7A4F7556}") = "LINQs", "LINQs\LINQs.csproj", "{2298A145-90D4-46AE-91D6-79F298C406EB}"
EndProject
Project("{9A19103F-16F7-4668-BE54-9A1E7A4F7556}") = "Join", "Join\Join.csproj", "{F2DF32E0-A331-4D25-A7A2-956D424724FE}"
EndProject
Project("{9A19103F-16F7-4668-BE54-9A1E7A4F7556}") = "Set Operators", "Set Operators\Set Operators.csproj", "{51B75284-9EE5-48B9-AC12-993AD87E9EE8}"
EndProject
Global
	GlobalSection(SolutionConfigurationPlatforms) = preSolution
		Debug|Any CPU = Debug|Any CPU
		Release|Any CPU = Release|Any CPU
	EndGlobalSection
	GlobalSection(ProjectConfigurationPlatforms) = postSolution
		{FD889C4C-2B01-4D22-A507-96F73F74B365}.Debug|Any CPU.ActiveCfg = Debug|Any CPU
		{FD889C4C-2B01-4D22-A507-96F73F74B365}.Debug|Any CPU.Build.0 = Debug|Any CPU
		{FD889C4C-2B01-4D22-A507-96F73F74B365}.Release|Any CPU.ActiveCfg = Release|Any CPU
		{FD889C4C-2B01-4D22-A507-96F73F74B365}.Release|Any CPU.Build.0 = Release|Any CPU
		{D31EEC3A-DD81-444C-815E-C88A564105D4}.Debug|Any CPU.ActiveCfg = Debug|Any CPU
		{D31EEC3A-DD81-444C-815E-C88A564105D4}.Debug|Any CPU.Build.0 = Debug|Any CPU
		{D31EEC3A-DD81-444C-815E-C88A564105D4}.Release|Any CPU.ActiveCfg = Release|Any CPU
		{D31EEC3A-DD81-444C-815E-C88A564105D4}.Release|Any CPU.Build.0 = Release|Any CPU
		{2298A145-90D4-46AE-91D6-79F298C406EB}.Debug|Any CPU.ActiveCfg = Debug|Any CPU
		{2298A145-90D4-46AE-91D6-79F298C406EB}.Debug|Any CPU.Build.0 = Debug|Any CPU
		{2298A145-90D4-46AE-91D6-79F298C406EB}.Release|Any CPU.ActiveCfg = Release|Any CPU
		{2298A145-90D4-46AE-91D6-79F298C406EB}.Release|Any CPU.Build.0 = Release|Any CPU
		{F2DF32E0-A331-4D25-A7A2-956D424724FE}.Debug|Any CPU.ActiveCfg = Debug|Any CPU
		{F2DF32E0-A331-4D25-A7A2-956D424724FE}.Debug|Any CPU.Build.0 = Debug|Any CPU
		{F2DF32E0-A331-4D25-A7A2-956D424724FE}.Release|Any CPU.ActiveCfg = Release|Any CPU
		{F2DF32E0-A331-4D25-A7A2-956D424724FE}.Release|Any CPU.Build.0 = Release|Any CPU
		{51B75284-9EE5-48B9-AC12-993AD87E9EE8}.Debug|Any CPU.ActiveCfg = Debug|Any CPU
		{51B75284-9EE5-48B9-AC12-993AD87E9EE8}.Debug|Any CPU.Build.0 = Debug|Any CPU
		{51B75284-9EE5-48B9-AC12-993AD87E9EE8}.Release|Any CPU.ActiveCfg = Release|Any CPU
		{51B75284-9EE5-48B9-AC12-993AD87E9EE8}.Release|Any CPU.Build.0 = Release|Any CPU
	EndGlobalSection
	GlobalSection(SolutionProperties) = preSolution
		HideSolutionNode = FALSE
	EndGlobalSection
	GlobalSection(ExtensibilityGlobals) = postSolution
		SolutionGuid = {794A67AD-3E09-4E3B-9D2A-3C9C6D2F044F}
	EndGlobalSection
EndGlobal
